
Microsoft Visual Studio Solution File, Format Version 12.00
# Visual Studio Version 17
VisualStudioVersion = 17.5.33516.290
MinimumVisualStudioVersion = 10.0.40219.1
Project("{9A19103F-16F7-4668-BE54-9A1E7A4F7556}") = "PasswordManager", "PasswordManager\PasswordManager.csproj", "{A475B24C-7EA2-483C-A347-903E223D21CD}"
EndProject
Project("{9A19103F-16F7-4668-BE54-9A1E7A4F7556}") = "UnitTest", "UnitTest\UnitTest.csproj", "{E0DB3CA9-DD16-46C7-B5EA-DBD104DD6636}"
EndProject
Project("{54435603-DBB4-11D2-8724-00A0C9A8B90C}") = "Password Manager", "pwmanSetup\pwmanSetup.vdproj", "{41553EE5-020A-4E69-B6A4-F0985F5D949C}"
EndProject
Project("{54435603-DBB4-11D2-8724-00A0C9A8B90C}") = "PasswordManagerInstaller", "PasswordManagerInstaller\PasswordManagerInstaller.vdproj", "{60D35020-0B33-42CD-8518-7CAF92F97C38}"
EndProject
Global
	GlobalSection(SolutionConfigurationPlatforms) = preSolution
		Debug|Any CPU = Debug|Any CPU
		Release|Any CPU = Release|Any CPU
	EndGlobalSection
	GlobalSection(ProjectConfigurationPlatforms) = postSolution
		{A475B24C-7EA2-483C-A347-903E223D21CD}.Debug|Any CPU.ActiveCfg = Debug|Any CPU
		{A475B24C-7EA2-483C-A347-903E223D21CD}.Debug|Any CPU.Build.0 = Debug|Any CPU
		{A475B24C-7EA2-483C-A347-903E223D21CD}.Release|Any CPU.ActiveCfg = Release|Any CPU
		{A475B24C-7EA2-483C-A347-903E223D21CD}.Release|Any CPU.Build.0 = Release|Any CPU
		{E0DB3CA9-DD16-46C7-B5EA-DBD104DD6636}.Debug|Any CPU.ActiveCfg = Debug|Any CPU
		{E0DB3CA9-DD16-46C7-B5EA-DBD104DD6636}.Debug|Any CPU.Build.0 = Debug|Any CPU
		{E0DB3CA9-DD16-46C7-B5EA-DBD104DD6636}.Release|Any CPU.ActiveCfg = Release|Any CPU
		{E0DB3CA9-DD16-46C7-B5EA-DBD104DD6636}.Release|Any CPU.Build.0 = Release|Any CPU
		{41553EE5-020A-4E69-B6A4-F0985F5D949C}.Debug|Any CPU.ActiveCfg = Debug
		{41553EE5-020A-4E69-B6A4-F0985F5D949C}.Release|Any CPU.ActiveCfg = Release
		{60D35020-0B33-42CD-8518-7CAF92F97C38}.Debug|Any CPU.ActiveCfg = Debug
		{60D35020-0B33-42CD-8518-7CAF92F97C38}.Release|Any CPU.ActiveCfg = Release
	EndGlobalSection
	GlobalSection(SolutionProperties) = preSolution
		HideSolutionNode = FALSE
	EndGlobalSection
	GlobalSection(ExtensibilityGlobals) = postSolution
		SolutionGuid = {7DF413B9-9B4F-43CC-A72B-176A7DAEA4FC}
	EndGlobalSection
EndGlobal
